
Microsoft Visual Studio Solution File, Format Version 12.00
# Visual Studio Version 17
VisualStudioVersion = 17.6.33829.357
MinimumVisualStudioVersion = 10.0.40219.1
Project("{9A19103F-16F7-4668-BE54-9A1E7A4F7556}") = "BarleyBreak", "BarleyBreak\BarleyBreak.csproj", "{62ED6923-7A86-4DE5-A5A4-5BFBA6A70C86}"
EndProject
Global
	GlobalSection(SolutionConfigurationPlatforms) = preSolution
		Debug|Any CPU = Debug|Any CPU
		Release|Any CPU = Release|Any CPU
	EndGlobalSection
	GlobalSection(ProjectConfigurationPlatforms) = postSolution
		{62ED6923-7A86-4DE5-A5A4-5BFBA6A70C86}.Debug|Any CPU.ActiveCfg = Debug|Any CPU
		{62ED6923-7A86-4DE5-A5A4-5BFBA6A70C86}.Debug|Any CPU.Build.0 = Debug|Any CPU
		{62ED6923-7A86-4DE5-A5A4-5BFBA6A70C86}.Release|Any CPU.ActiveCfg = Release|Any CPU
		{62ED6923-7A86-4DE5-A5A4-5BFBA6A70C86}.Release|Any CPU.Build.0 = Release|Any CPU
	EndGlobalSection
	GlobalSection(SolutionProperties) = preSolution
		HideSolutionNode = FALSE
	EndGlobalSection
	GlobalSection(ExtensibilityGlobals) = postSolution
		SolutionGuid = {38288873-FF96-4AEC-8BD8-46493E777D7E}
	EndGlobalSection
EndGlobal
